
Microsoft Visual Studio Solution File, Format Version 12.00
Project("{FAE04EC0-301F-11D3-BF4B-00C04F79EFBC}") = "DemoApi", "DemoApi\DemoApi.csproj", "{F5B30B4B-8EFF-402E-92F0-5B8A0CC26747}"
EndProject
Global
	GlobalSection(SolutionConfigurationPlatforms) = preSolution
		Debug|Any CPU = Debug|Any CPU
		Release|Any CPU = Release|Any CPU
	EndGlobalSection
	GlobalSection(ProjectConfigurationPlatforms) = postSolution
		{F5B30B4B-8EFF-402E-92F0-5B8A0CC26747}.Debug|Any CPU.ActiveCfg = Debug|Any CPU
		{F5B30B4B-8EFF-402E-92F0-5B8A0CC26747}.Debug|Any CPU.Build.0 = Debug|Any CPU
		{F5B30B4B-8EFF-402E-92F0-5B8A0CC26747}.Release|Any CPU.ActiveCfg = Release|Any CPU
		{F5B30B4B-8EFF-402E-92F0-5B8A0CC26747}.Release|Any CPU.Build.0 = Release|Any CPU
	EndGlobalSection
EndGlobal
